
Microsoft Visual Studio Solution File, Format Version 12.00
# Visual Studio Version 16
VisualStudioVersion = 16.0.32901.82
MinimumVisualStudioVersion = 10.0.40219.1
Project("{FAE04EC0-301F-11D3-BF4B-00C04F79EFBC}") = "Static_Members_Lumpkin_Dalton", "Static_Members_Lumpkin_Dalton\Static_Members_Lumpkin_Dalton.csproj", "{B7328255-1E37-4C2F-8B88-6F7A81C3148A}"
EndProject
Global
	GlobalSection(SolutionConfigurationPlatforms) = preSolution
		Debug|Any CPU = Debug|Any CPU
		Release|Any CPU = Release|Any CPU
	EndGlobalSection
	GlobalSection(ProjectConfigurationPlatforms) = postSolution
		{B7328255-1E37-4C2F-8B88-6F7A81C3148A}.Debug|Any CPU.ActiveCfg = Debug|Any CPU
		{B7328255-1E37-4C2F-8B88-6F7A81C3148A}.Debug|Any CPU.Build.0 = Debug|Any CPU
		{B7328255-1E37-4C2F-8B88-6F7A81C3148A}.Release|Any CPU.ActiveCfg = Release|Any CPU
		{B7328255-1E37-4C2F-8B88-6F7A81C3148A}.Release|Any CPU.Build.0 = Release|Any CPU
	EndGlobalSection
	GlobalSection(SolutionProperties) = preSolution
		HideSolutionNode = FALSE
	EndGlobalSection
	GlobalSection(ExtensibilityGlobals) = postSolution
		SolutionGuid = {90A482D0-5016-4B93-8ACB-31945B614E6F}
	EndGlobalSection
EndGlobal
